
Microsoft Visual Studio Solution File, Format Version 12.00
# Visual Studio Version 17
VisualStudioVersion = 17.5.002.0
MinimumVisualStudioVersion = 10.0.40219.1
Project("{2150E333-8FDC-42A3-9474-1A3956D46DE8}") = "src", "src", "{EB20D4DA-7F39-4282-A2F9-7609C379EDC0}"
EndProject
Project("{9A19103F-16F7-4668-BE54-9A1E7A4F7556}") = "StoreApi", "src\StoreApi\StoreApi.csproj", "{E1022460-769D-47A6-91CD-613010D5D840}"
EndProject
Global
	GlobalSection(SolutionConfigurationPlatforms) = preSolution
		Debug|Any CPU = Debug|Any CPU
		Release|Any CPU = Release|Any CPU
	EndGlobalSection
	GlobalSection(ProjectConfigurationPlatforms) = postSolution
		{E1022460-769D-47A6-91CD-613010D5D840}.Debug|Any CPU.ActiveCfg = Debug|Any CPU
		{E1022460-769D-47A6-91CD-613010D5D840}.Debug|Any CPU.Build.0 = Debug|Any CPU
		{E1022460-769D-47A6-91CD-613010D5D840}.Release|Any CPU.ActiveCfg = Release|Any CPU
		{E1022460-769D-47A6-91CD-613010D5D840}.Release|Any CPU.Build.0 = Release|Any CPU
	EndGlobalSection
	GlobalSection(SolutionProperties) = preSolution
		HideSolutionNode = FALSE
	EndGlobalSection
	GlobalSection(NestedProjects) = preSolution
		{E1022460-769D-47A6-91CD-613010D5D840} = {EB20D4DA-7F39-4282-A2F9-7609C379EDC0}
	EndGlobalSection
	GlobalSection(ExtensibilityGlobals) = postSolution
		SolutionGuid = {F7C3646D-BAFD-483E-8D26-4C4E6998D5A5}
	EndGlobalSection
EndGlobal
